lockfileVersion: 5.4

specifiers:
  bumpp: 8.2.1

devDependencies:
  bumpp: artifactory.intra.xiaojukeji.com/bumpp/8.2.1

packages:

  artifactory.intra.xiaojukeji.com/@jsdevtools/ez-spawn/3.0.4:
    resolution: {integrity: sha1-VkHrJv7m0x7Cn2eI66hJRwxSx/8=, registry: https://npm.intra.xiaojukeji.com/, tarball: http://artifactory.intra.xiaojukeji.com/artifactory/api/npm/npm/@jsdevtools/ez-spawn/-/ez-spawn-3.0.4.tgz?dl=https%3A%2F%2Fregistry.npmmirror.com%2F%40jsdevtools%2Fez-spawn%2F-%2Fez-spawn-3.0.4.tgz}
    name: '@jsdevtools/ez-spawn'
    version: 3.0.4
    engines: {node: '>=10'}
    dependencies:
      call-me-maybe: artifactory.intra.xiaojukeji.com/call-me-maybe/1.0.2
      cross-spawn: artifactory.intra.xiaojukeji.com/cross-spawn/7.0.3
      string-argv: artifactory.intra.xiaojukeji.com/string-argv/0.3.1
      type-detect: artifactory.intra.xiaojukeji.com/type-detect/4.0.8
    dev: true

  artifactory.intra.xiaojukeji.com/@nodelib/fs.scandir/2.1.5:
    resolution: {integrity: sha1-dhnC6yGyVIP20WdUi0z9WnSIw9U=, registry: https://npm.intra.xiaojukeji.com/, tarball: http://artifactory.intra.xiaojukeji.com/artifactory/api/npm/npm/@nodelib/fs.scandir/-/fs.scandir-2.1.5.tgz?dl=https%3A%2F%2Fregistry.npmmirror.com%2F%40nodelib%2Ffs.scandir%2F-%2Ffs.scandir-2.1.5.tgz}
    name: '@nodelib/fs.scandir'
    version: 2.1.5
    engines: {node: '>= 8'}
    dependencies:
      '@nodelib/fs.stat': artifactory.intra.xiaojukeji.com/@nodelib/fs.stat/2.0.5
      run-parallel: artifactory.intra.xiaojukeji.com/run-parallel/1.2.0
    dev: true

  artifactory.intra.xiaojukeji.com/@nodelib/fs.stat/2.0.5:
    resolution: {integrity: sha1-W9Jir5Tp0lvR5xsF3u1Eh2oiLos=, registry: https://npm.intra.xiaojukeji.com/, tarball: http://artifactory.intra.xiaojukeji.com/artifactory/api/npm/npm/@nodelib/fs.stat/-/fs.stat-2.0.5.tgz?dl=https%3A%2F%2Fregistry.npmmirror.com%2F%40nodelib%2Ffs.stat%2F-%2Ffs.stat-2.0.5.tgz}
    name: '@nodelib/fs.stat'
    version: 2.0.5
    engines: {node: '>= 8'}
    dev: true

  artifactory.intra.xiaojukeji.com/@nodelib/fs.walk/1.2.8:
    resolution: {integrity: sha1-6Vc36LtnRt3t9pxVaVNJTxlv5po=, registry: https://npm.intra.xiaojukeji.com/, tarball: http://artifactory.intra.xiaojukeji.com/artifactory/api/npm/npm/@nodelib/fs.walk/-/fs.walk-1.2.8.tgz?dl=https%3A%2F%2Fregistry.npmmirror.com%2F%40nodelib%2Ffs.walk%2F-%2Ffs.walk-1.2.8.tgz}
    name: '@nodelib/fs.walk'
    version: 1.2.8
    engines: {node: '>= 8'}
    dependencies:
      '@nodelib/fs.scandir': artifactory.intra.xiaojukeji.com/@nodelib/fs.scandir/2.1.5
      fastq: artifactory.intra.xiaojukeji.com/fastq/1.13.0
    dev: true

  artifactory.intra.xiaojukeji.com/braces/3.0.2:
    resolution: {integrity: sha1-NFThpGLujVmeI23zNs2epPiv4Qc=, registry: https://npm.intra.xiaojukeji.com/, tarball: http://artifactory.intra.xiaojukeji.com/artifactory/api/npm/npm/braces/-/braces-3.0.2.tgz?dl=https%3A%2F%2Fregistry.npmmirror.com%2Fbraces%2F-%2Fbraces-3.0.2.tgz}
    name: braces
    version: 3.0.2
    engines: {node: '>=8'}
    dependencies:
      fill-range: artifactory.intra.xiaojukeji.com/fill-range/7.0.1
    dev: true

  artifactory.intra.xiaojukeji.com/bumpp/8.2.1:
    resolution: {integrity: sha1-0ze7d2YiV+SIdjiQduEDIIZR0cc=, registry: https://npm.intra.xiaojukeji.com/, tarball: http://artifactory.intra.xiaojukeji.com/artifactory/api/npm/npm/bumpp/-/bumpp-8.2.1.tgz?dl=https%3A%2F%2Fregistry.npmmirror.com%2Fbumpp%2F-%2Fbumpp-8.2.1.tgz}
    name: bumpp
    version: 8.2.1
    engines: {node: '>=10'}
    hasBin: true
    dependencies:
      '@jsdevtools/ez-spawn': artifactory.intra.xiaojukeji.com/@jsdevtools/ez-spawn/3.0.4
      cac: artifactory.intra.xiaojukeji.com/cac/6.7.14
      fast-glob: artifactory.intra.xiaojukeji.com/fast-glob/3.2.12
      kleur: artifactory.intra.xiaojukeji.com/kleur/4.1.5
      prompts: artifactory.intra.xiaojukeji.com/prompts/2.4.2
      semver: artifactory.intra.xiaojukeji.com/semver/7.3.8
    dev: true

  artifactory.intra.xiaojukeji.com/cac/6.7.14:
    resolution: {integrity: sha1-gE4eb1Bu42PLDjzLsJytXdmHCVk=, registry: https://npm.intra.xiaojukeji.com/, tarball: http://artifactory.intra.xiaojukeji.com/artifactory/api/npm/npm/cac/-/cac-6.7.14.tgz?dl=https%3A%2F%2Fregistry.npmmirror.com%2Fcac%2F-%2Fcac-6.7.14.tgz}
    name: cac
    version: 6.7.14
    engines: {node: '>=8'}
    dev: true

  artifactory.intra.xiaojukeji.com/call-me-maybe/1.0.2:
    resolution: {integrity: sha1-A/lk8ZUiumQ7GwaTrLkVL+IHS6o=, registry: https://npm.intra.xiaojukeji.com/, tarball: http://artifactory.intra.xiaojukeji.com/artifactory/api/npm/npm/call-me-maybe/-/call-me-maybe-1.0.2.tgz?dl=https%3A%2F%2Fregistry.npmmirror.com%2Fcall-me-maybe%2F-%2Fcall-me-maybe-1.0.2.tgz}
    name: call-me-maybe
    version: 1.0.2
    dev: true

  artifactory.intra.xiaojukeji.com/cross-spawn/7.0.3:
    resolution: {integrity: sha1-9zqFudXUHQRVUcF34ogtSshXKKY=, registry: https://npm.intra.xiaojukeji.com/, tarball: http://artifactory.intra.xiaojukeji.com/artifactory/api/npm/npm/cross-spawn/-/cross-spawn-7.0.3.tgz?dl=https%3A%2F%2Fregistry.npmmirror.com%2Fcross-spawn%2F-%2Fcross-spawn-7.0.3.tgz}
    name: cross-spawn
    version: 7.0.3
    engines: {node: '>= 8'}
    dependencies:
      path-key: artifactory.intra.xiaojukeji.com/path-key/3.1.1
      shebang-command: artifactory.intra.xiaojukeji.com/shebang-command/2.0.0
      which: artifactory.intra.xiaojukeji.com/which/2.0.2
    dev: true

  artifactory.intra.xiaojukeji.com/fast-glob/3.2.12:
    resolution: {integrity: sha1-fznsmcLmqwMDNxQtqeDBjzevroA=, registry: https://npm.intra.xiaojukeji.com/, tarball: http://artifactory.intra.xiaojukeji.com/artifactory/api/npm/npm/fast-glob/-/fast-glob-3.2.12.tgz?dl=https%3A%2F%2Fregistry.npmmirror.com%2Ffast-glob%2F-%2Ffast-glob-3.2.12.tgz}
    name: fast-glob
    version: 3.2.12
    engines: {node: '>=8.6.0'}
    dependencies:
      '@nodelib/fs.stat': artifactory.intra.xiaojukeji.com/@nodelib/fs.stat/2.0.5
      '@nodelib/fs.walk': artifactory.intra.xiaojukeji.com/@nodelib/fs.walk/1.2.8
      glob-parent: artifactory.intra.xiaojukeji.com/glob-parent/5.1.2
      merge2: artifactory.intra.xiaojukeji.com/merge2/1.4.1
      micromatch: artifactory.intra.xiaojukeji.com/micromatch/4.0.5
    dev: true

  artifactory.intra.xiaojukeji.com/fastq/1.13.0:
    resolution: {integrity: sha1-YWdg+Ip1Jr38WWt8q4wYk4w2uYw=, registry: https://npm.intra.xiaojukeji.com/, tarball: http://artifactory.intra.xiaojukeji.com/artifactory/api/npm/npm/fastq/-/fastq-1.13.0.tgz?dl=https%3A%2F%2Fregistry.npmmirror.com%2Ffastq%2F-%2Ffastq-1.13.0.tgz}
    name: fastq
    version: 1.13.0
    dependencies:
      reusify: artifactory.intra.xiaojukeji.com/reusify/1.0.4
    dev: true

  artifactory.intra.xiaojukeji.com/fill-range/7.0.1:
    resolution: {integrity: sha1-GRmmp8df44ssfHflGYU12prN2kA=, registry: https://npm.intra.xiaojukeji.com/, tarball: http://artifactory.intra.xiaojukeji.com/artifactory/api/npm/npm/fill-range/-/fill-range-7.0.1.tgz?dl=https%3A%2F%2Fregistry.npmmirror.com%2Ffill-range%2F-%2Ffill-range-7.0.1.tgz}
    name: fill-range
    version: 7.0.1
    engines: {node: '>=8'}
    dependencies:
      to-regex-range: artifactory.intra.xiaojukeji.com/to-regex-range/5.0.1
    dev: true

  artifactory.intra.xiaojukeji.com/glob-parent/5.1.2:
    resolution: {integrity: sha1-hpgyxYA0/mikCTwX3BXoNA2EAcQ=, registry: https://npm.intra.xiaojukeji.com/, tarball: http://artifactory.intra.xiaojukeji.com/artifactory/api/npm/npm/glob-parent/-/glob-parent-5.1.2.tgz?dl=https%3A%2F%2Fregistry.npmmirror.com%2Fglob-parent%2F-%2Fglob-parent-5.1.2.tgz}
    name: glob-parent
    version: 5.1.2
    engines: {node: '>= 6'}
    dependencies:
      is-glob: artifactory.intra.xiaojukeji.com/is-glob/4.0.3
    dev: true

  artifactory.intra.xiaojukeji.com/is-extglob/2.1.1:
    resolution: {integrity: sha1-qIwCU1eR8C7TfHahueqXc8gz+MI=, registry: https://npm.intra.xiaojukeji.com/, tarball: http://artifactory.intra.xiaojukeji.com/artifactory/api/npm/npm/is-extglob/-/is-extglob-2.1.1.tgz?dl=https%3A%2F%2Fregistry.npmmirror.com%2Fis-extglob%2F-%2Fis-extglob-2.1.1.tgz}
    name: is-extglob
    version: 2.1.1
    engines: {node: '>=0.10.0'}
    dev: true

  artifactory.intra.xiaojukeji.com/is-glob/4.0.3:
    resolution: {integrity: sha1-ZPYeQsu7LuwgcanawLKLoeZdUIQ=, registry: https://npm.intra.xiaojukeji.com/, tarball: http://artifactory.intra.xiaojukeji.com/artifactory/api/npm/npm/is-glob/-/is-glob-4.0.3.tgz?dl=https%3A%2F%2Fregistry.npmmirror.com%2Fis-glob%2F-%2Fis-glob-4.0.3.tgz}
    name: is-glob
    version: 4.0.3
    engines: {node: '>=0.10.0'}
    dependencies:
      is-extglob: artifactory.intra.xiaojukeji.com/is-extglob/2.1.1
    dev: true

  artifactory.intra.xiaojukeji.com/is-number/7.0.0:
    resolution: {integrity: sha1-dTU0W4lnNNX4DE0GxQlVUnoU8Ss=, registry: https://npm.intra.xiaojukeji.com/, tarball: http://artifactory.intra.xiaojukeji.com/artifactory/api/npm/npm/is-number/-/is-number-7.0.0.tgz?dl=https%3A%2F%2Fregistry.npmmirror.com%2Fis-number%2F-%2Fis-number-7.0.0.tgz}
    name: is-number
    version: 7.0.0
    engines: {node: '>=0.12.0'}
    dev: true

  artifactory.intra.xiaojukeji.com/isexe/2.0.0:
    resolution: {integrity: sha1-6PvzdNxVb/iUehDcsFctYz8s+hA=, registry: https://npm.intra.xiaojukeji.com/, tarball: http://artifactory.intra.xiaojukeji.com/artifactory/api/npm/npm/isexe/-/isexe-2.0.0.tgz?dl=https%3A%2F%2Fregistry.npmmirror.com%2Fisexe%2F-%2Fisexe-2.0.0.tgz}
    name: isexe
    version: 2.0.0
    dev: true

  artifactory.intra.xiaojukeji.com/kleur/3.0.3:
    resolution: {integrity: sha1-p5yezIbuHOP6YgbRIWxQHxR/wH4=, registry: https://npm.intra.xiaojukeji.com/, tarball: http://artifactory.intra.xiaojukeji.com/artifactory/api/npm/npm/kleur/-/kleur-3.0.3.tgz?dl=https%3A%2F%2Fregistry.npmmirror.com%2Fkleur%2F-%2Fkleur-3.0.3.tgz}
    name: kleur
    version: 3.0.3
    engines: {node: '>=6'}
    dev: true

  artifactory.intra.xiaojukeji.com/kleur/4.1.5:
    resolution: {integrity: sha1-lRBhAXlfcFDGxlDzUMaD/r3bF4A=, registry: https://npm.intra.xiaojukeji.com/, tarball: http://artifactory.intra.xiaojukeji.com/artifactory/api/npm/npm/kleur/-/kleur-4.1.5.tgz?dl=https%3A%2F%2Fregistry.npmmirror.com%2Fkleur%2F-%2Fkleur-4.1.5.tgz}
    name: kleur
    version: 4.1.5
    engines: {node: '>=6'}
    dev: true

  artifactory.intra.xiaojukeji.com/lru-cache/6.0.0:
    resolution: {integrity: sha1-bW/mVw69lqr5D8rR2vo7JWbbOpQ=, registry: https://npm.intra.xiaojukeji.com/, tarball: http://artifactory.intra.xiaojukeji.com/artifactory/api/npm/npm/lru-cache/-/lru-cache-6.0.0.tgz?dl=https%3A%2F%2Fregistry.npmmirror.com%2Flru-cache%2F-%2Flru-cache-6.0.0.tgz}
    name: lru-cache
    version: 6.0.0
    engines: {node: '>=10'}
    dependencies:
      yallist: artifactory.intra.xiaojukeji.com/yallist/4.0.0
    dev: true

  artifactory.intra.xiaojukeji.com/merge2/1.4.1:
    resolution: {integrity: sha1-Q2iJL4hekHRVpv19xVwMnUBJkK4=, registry: https://npm.intra.xiaojukeji.com/, tarball: http://artifactory.intra.xiaojukeji.com/artifactory/api/npm/npm/merge2/-/merge2-1.4.1.tgz?dl=https%3A%2F%2Fregistry.npmmirror.com%2Fmerge2%2F-%2Fmerge2-1.4.1.tgz}
    name: merge2
    version: 1.4.1
    engines: {node: '>= 8'}
    dev: true

  artifactory.intra.xiaojukeji.com/micromatch/4.0.5:
    resolution: {integrity: sha1-vImZp8u/d83InxMvbkZwUbSQkMY=, registry: https://npm.intra.xiaojukeji.com/, tarball: http://artifactory.intra.xiaojukeji.com/artifactory/api/npm/npm/micromatch/-/micromatch-4.0.5.tgz?dl=https%3A%2F%2Fregistry.npmmirror.com%2Fmicromatch%2F-%2Fmicromatch-4.0.5.tgz}
    name: micromatch
    version: 4.0.5
    engines: {node: '>=8.6'}
    dependencies:
      braces: artifactory.intra.xiaojukeji.com/braces/3.0.2
      picomatch: artifactory.intra.xiaojukeji.com/picomatch/2.3.1
    dev: true

  artifactory.intra.xiaojukeji.com/path-key/3.1.1:
    resolution: {integrity: sha1-WB9q3mWMu6ZaDTOA3ndTKVBU83U=, registry: https://npm.intra.xiaojukeji.com/, tarball: http://artifactory.intra.xiaojukeji.com/artifactory/api/npm/npm/path-key/-/path-key-3.1.1.tgz?dl=https%3A%2F%2Fregistry.npmmirror.com%2Fpath-key%2F-%2Fpath-key-3.1.1.tgz}
    name: path-key
    version: 3.1.1
    engines: {node: '>=8'}
    dev: true

  artifactory.intra.xiaojukeji.com/picomatch/2.3.1:
    resolution: {integrity: sha1-O6ODNzNkbZ0+SZWUbBNlpn+wekI=, registry: https://npm.intra.xiaojukeji.com/, tarball: http://artifactory.intra.xiaojukeji.com/artifactory/api/npm/npm/picomatch/-/picomatch-2.3.1.tgz?dl=https%3A%2F%2Fregistry.npmmirror.com%2Fpicomatch%2F-%2Fpicomatch-2.3.1.tgz}
    name: picomatch
    version: 2.3.1
    engines: {node: '>=8.6'}
    dev: true

  artifactory.intra.xiaojukeji.com/prompts/2.4.2:
    resolution: {integrity: sha1-e1fnOzpIAprRDr1E90sBcipMsGk=, registry: https://npm.intra.xiaojukeji.com/, tarball: http://artifactory.intra.xiaojukeji.com/artifactory/api/npm/npm/prompts/-/prompts-2.4.2.tgz?dl=https%3A%2F%2Fregistry.npmmirror.com%2Fprompts%2F-%2Fprompts-2.4.2.tgz}
    name: prompts
    version: 2.4.2
    engines: {node: '>= 6'}
    dependencies:
      kleur: artifactory.intra.xiaojukeji.com/kleur/3.0.3
      sisteransi: artifactory.intra.xiaojukeji.com/sisteransi/1.0.5
    dev: true

  artifactory.intra.xiaojukeji.com/queue-microtask/1.2.3:
    resolution: {integrity: sha1-SSkii7xyTfrEPg77BYyve2z7YkM=, registry: https://npm.intra.xiaojukeji.com/, tarball: http://artifactory.intra.xiaojukeji.com/artifactory/api/npm/npm/queue-microtask/-/queue-microtask-1.2.3.tgz?dl=https%3A%2F%2Fregistry.npmmirror.com%2Fqueue-microtask%2F-%2Fqueue-microtask-1.2.3.tgz}
    name: queue-microtask
    version: 1.2.3
    dev: true

  artifactory.intra.xiaojukeji.com/reusify/1.0.4:
    resolution: {integrity: sha1-kNo4Kx4SbvwCFG6QhFqI2xKSXXY=, registry: https://npm.intra.xiaojukeji.com/, tarball: http://artifactory.intra.xiaojukeji.com/artifactory/api/npm/npm/reusify/-/reusify-1.0.4.tgz?dl=https%3A%2F%2Fregistry.npmmirror.com%2Freusify%2F-%2Freusify-1.0.4.tgz}
    name: reusify
    version: 1.0.4
    engines: {iojs: '>=1.0.0', node: '>=0.10.0'}
    dev: true

  artifactory.intra.xiaojukeji.com/run-parallel/1.2.0:
    resolution: {integrity: sha1-ZtE2jae9+SHrnZW9GpIp5/IaQ+4=, registry: https://npm.intra.xiaojukeji.com/, tarball: http://artifactory.intra.xiaojukeji.com/artifactory/api/npm/npm/run-parallel/-/run-parallel-1.2.0.tgz?dl=https%3A%2F%2Fregistry.npmmirror.com%2Frun-parallel%2F-%2Frun-parallel-1.2.0.tgz}
    name: run-parallel
    version: 1.2.0
    dependencies:
      queue-microtask: artifactory.intra.xiaojukeji.com/queue-microtask/1.2.3
    dev: true

  artifactory.intra.xiaojukeji.com/semver/7.3.8:
    resolution: {integrity: sha1-B6eP6vs/ezI0fXJeM95+Ki32d5g=, registry: https://npm.intra.xiaojukeji.com/, tarball: http://artifactory.intra.xiaojukeji.com/artifactory/api/npm/npm/semver/-/semver-7.3.8.tgz?dl=https%3A%2F%2Fregistry.npmmirror.com%2Fsemver%2F-%2Fsemver-7.3.8.tgz}
    name: semver
    version: 7.3.8
    engines: {node: '>=10'}
    hasBin: true
    dependencies:
      lru-cache: artifactory.intra.xiaojukeji.com/lru-cache/6.0.0
    dev: true

  artifactory.intra.xiaojukeji.com/shebang-command/2.0.0:
    resolution: {integrity: sha1-zNCvT4g1+9wmW4JGGq8MNmY/NOo=, registry: https://npm.intra.xiaojukeji.com/, tarball: http://artifactory.intra.xiaojukeji.com/artifactory/api/npm/npm/shebang-command/-/shebang-command-2.0.0.tgz?dl=https%3A%2F%2Fregistry.npmmirror.com%2Fshebang-command%2F-%2Fshebang-command-2.0.0.tgz}
    name: shebang-command
    version: 2.0.0
    engines: {node: '>=8'}
    dependencies:
      shebang-regex: artifactory.intra.xiaojukeji.com/shebang-regex/3.0.0
    dev: true

  artifactory.intra.xiaojukeji.com/shebang-regex/3.0.0:
    resolution: {integrity: sha1-rhbxZE2HPsrYQ7AwexQzYtTEIXI=, registry: https://npm.intra.xiaojukeji.com/, tarball: http://artifactory.intra.xiaojukeji.com/artifactory/api/npm/npm/shebang-regex/-/shebang-regex-3.0.0.tgz?dl=https%3A%2F%2Fregistry.npmmirror.com%2Fshebang-regex%2F-%2Fshebang-regex-3.0.0.tgz}
    name: shebang-regex
    version: 3.0.0
    engines: {node: '>=8'}
    dev: true

  artifactory.intra.xiaojukeji.com/sisteransi/1.0.5:
    resolution: {integrity: sha1-E01oEpd1ZDfMBcoBNw06elcQde0=, registry: https://npm.intra.xiaojukeji.com/, tarball: http://artifactory.intra.xiaojukeji.com/artifactory/api/npm/npm/sisteransi/-/sisteransi-1.0.5.tgz?dl=https%3A%2F%2Fregistry.npmmirror.com%2Fsisteransi%2F-%2Fsisteransi-1.0.5.tgz}
    name: sisteransi
    version: 1.0.5
    dev: true

  artifactory.intra.xiaojukeji.com/string-argv/0.3.1:
    resolution: {integrity: sha1-leL77AQnrhkYSTX4FtdKqkxcGdo=, registry: https://npm.intra.xiaojukeji.com/, tarball: http://artifactory.intra.xiaojukeji.com/artifactory/api/npm/npm/string-argv/-/string-argv-0.3.1.tgz?dl=https%3A%2F%2Fregistry.npmmirror.com%2Fstring-argv%2F-%2Fstring-argv-0.3.1.tgz}
    name: string-argv
    version: 0.3.1
    engines: {node: '>=0.6.19'}
    dev: true

  artifactory.intra.xiaojukeji.com/to-regex-range/5.0.1:
    resolution: {integrity: sha1-FkjESq58jZiKMmAY7XL1tN0DkuQ=, registry: https://npm.intra.xiaojukeji.com/, tarball: http://artifactory.intra.xiaojukeji.com/artifactory/api/npm/npm/to-regex-range/-/to-regex-range-5.0.1.tgz?dl=https%3A%2F%2Fregistry.npmmirror.com%2Fto-regex-range%2F-%2Fto-regex-range-5.0.1.tgz}
    name: to-regex-range
    version: 5.0.1
    engines: {node: '>=8.0'}
    dependencies:
      is-number: artifactory.intra.xiaojukeji.com/is-number/7.0.0
    dev: true

  artifactory.intra.xiaojukeji.com/type-detect/4.0.8:
    resolution: {integrity: sha1-dkb7XxiHHPu3dJ5pvTmmOI63RQw=, registry: https://npm.intra.xiaojukeji.com/, tarball: http://artifactory.intra.xiaojukeji.com/artifactory/api/npm/npm/type-detect/-/type-detect-4.0.8.tgz?dl=https%3A%2F%2Fregistry.npmmirror.com%2Ftype-detect%2F-%2Ftype-detect-4.0.8.tgz}
    name: type-detect
    version: 4.0.8
    engines: {node: '>=4'}
    dev: true

  artifactory.intra.xiaojukeji.com/which/2.0.2:
    resolution: {integrity: sha1-fGqN0KY2oDJ+ELWckobu6T8/UbE=, registry: https://npm.intra.xiaojukeji.com/, tarball: http://artifactory.intra.xiaojukeji.com/artifactory/api/npm/npm/which/-/which-2.0.2.tgz?dl=https%3A%2F%2Fregistry.npmmirror.com%2Fwhich%2F-%2Fwhich-2.0.2.tgz}
    name: which
    version: 2.0.2
    engines: {node: '>= 8'}
    hasBin: true
    dependencies:
      isexe: artifactory.intra.xiaojukeji.com/isexe/2.0.0
    dev: true

  artifactory.intra.xiaojukeji.com/yallist/4.0.0:
    resolution: {integrity: sha1-m7knkNnA7/7GO+c1GeEaNQGaOnI=, registry: https://npm.intra.xiaojukeji.com/, tarball: http://artifactory.intra.xiaojukeji.com/artifactory/api/npm/npm/yallist/-/yallist-4.0.0.tgz?dl=https%3A%2F%2Fregistry.npmmirror.com%2Fyallist%2F-%2Fyallist-4.0.0.tgz}
    name: yallist
    version: 4.0.0
    dev: true
